
Microsoft Visual Studio Solution File, Format Version 12.00
# Visual Studio Version 17
VisualStudioVersion = 17.11.35219.272
MinimumVisualStudioVersion = 10.0.40219.1
Project("{FAE04EC0-301F-11D3-BF4B-00C04F79EFBC}") = "Boolean Logic Assignment", "Boolean Logic Assignment.csproj", "{AB96E0CE-4520-44D4-AD6D-3A01AD53D40B}"
EndProject
Global
	GlobalSection(SolutionConfigurationPlatforms) = preSolution
		Debug|Any CPU = Debug|Any CPU
		Release|Any CPU = Release|Any CPU
	EndGlobalSection
	GlobalSection(ProjectConfigurationPlatforms) = postSolution
		{AB96E0CE-4520-44D4-AD6D-3A01AD53D40B}.Debug|Any CPU.ActiveCfg = Debug|Any CPU
		{AB96E0CE-4520-44D4-AD6D-3A01AD53D40B}.Debug|Any CPU.Build.0 = Debug|Any CPU
		{AB96E0CE-4520-44D4-AD6D-3A01AD53D40B}.Release|Any CPU.ActiveCfg = Release|Any CPU
		{AB96E0CE-4520-44D4-AD6D-3A01AD53D40B}.Release|Any CPU.Build.0 = Release|Any CPU
	EndGlobalSection
	GlobalSection(SolutionProperties) = preSolution
		HideSolutionNode = FALSE
	EndGlobalSection
	GlobalSection(ExtensibilityGlobals) = postSolution
		SolutionGuid = {7B4CA51A-429E-4423-B254-F638AA013B3E}
	EndGlobalSection
EndGlobal
