
Microsoft Visual Studio Solution File, Format Version 12.00
# Visual Studio Version 17
VisualStudioVersion = 17.11.35219.272
MinimumVisualStudioVersion = 10.0.40219.1
Project("{FAE04EC0-301F-11D3-BF4B-00C04F79EFBC}") = "StringAssessment", "StringAssessment.csproj", "{400AE6DB-B0AF-41E3-A0D9-A199FC47273D}"
EndProject
Global
	GlobalSection(SolutionConfigurationPlatforms) = preSolution
		Debug|Any CPU = Debug|Any CPU
		Release|Any CPU = Release|Any CPU
	EndGlobalSection
	GlobalSection(ProjectConfigurationPlatforms) = postSolution
		{400AE6DB-B0AF-41E3-A0D9-A199FC47273D}.Debug|Any CPU.ActiveCfg = Debug|Any CPU
		{400AE6DB-B0AF-41E3-A0D9-A199FC47273D}.Debug|Any CPU.Build.0 = Debug|Any CPU
		{400AE6DB-B0AF-41E3-A0D9-A199FC47273D}.Release|Any CPU.ActiveCfg = Release|Any CPU
		{400AE6DB-B0AF-41E3-A0D9-A199FC47273D}.Release|Any CPU.Build.0 = Release|Any CPU
	EndGlobalSection
	GlobalSection(SolutionProperties) = preSolution
		HideSolutionNode = FALSE
	EndGlobalSection
	GlobalSection(ExtensibilityGlobals) = postSolution
		SolutionGuid = {16EF789C-8FDA-461F-B8EF-B131BB7AEAD4}
	EndGlobalSection
EndGlobal
