
Microsoft Visual Studio Solution File, Format Version 12.00
# Visual Studio Version 17
VisualStudioVersion = 17.11.35219.272
MinimumVisualStudioVersion = 10.0.40219.1
Project("{FAE04EC0-301F-11D3-BF4B-00C04F79EFBC}") = "OperatorsAssignment", "OperatorsAssignment.csproj", "{A55C4CCA-B757-4F84-8783-53FC4A9BAC4F}"
EndProject
Global
	GlobalSection(SolutionConfigurationPlatforms) = preSolution
		Debug|Any CPU = Debug|Any CPU
		Release|Any CPU = Release|Any CPU
	EndGlobalSection
	GlobalSection(ProjectConfigurationPlatforms) = postSolution
		{A55C4CCA-B757-4F84-8783-53FC4A9BAC4F}.Debug|Any CPU.ActiveCfg = Debug|Any CPU
		{A55C4CCA-B757-4F84-8783-53FC4A9BAC4F}.Debug|Any CPU.Build.0 = Debug|Any CPU
		{A55C4CCA-B757-4F84-8783-53FC4A9BAC4F}.Release|Any CPU.ActiveCfg = Release|Any CPU
		{A55C4CCA-B757-4F84-8783-53FC4A9BAC4F}.Release|Any CPU.Build.0 = Release|Any CPU
	EndGlobalSection
	GlobalSection(SolutionProperties) = preSolution
		HideSolutionNode = FALSE
	EndGlobalSection
	GlobalSection(ExtensibilityGlobals) = postSolution
		SolutionGuid = {1AED10EF-033D-4012-B3D2-1B55C2FBD26A}
	EndGlobalSection
EndGlobal
